// !$*UTF8*$!
{
	archiveVersion = 1;
	classes = {
	};
	objectVersion = 56;
	objects = {

/* Begin PBXBuildFile section */
		5A5B3D1B2654E1E4DC0E3174 /* Pods_InstagramCloneWithUIKit.framework in Frameworks */ = {isa = PBXBuildFile; fileRef = 79B55AFFFF962B221CDD7528 /* Pods_InstagramCloneWithUIKit.framework */; };
		BA6780432B14F1F80087D2A1 /* AppDelegate.swift in Sources */ = {isa = PBXBuildFile; fileRef = BA6780422B14F1F80087D2A1 /* AppDelegate.swift */; };
		BA6780452B14F1F80087D2A1 /* SceneDelegate.swift in Sources */ = {isa = PBXBuildFile; fileRef = BA6780442B14F1F80087D2A1 /* SceneDelegate.swift */; };
		BA6780472B14F1F80087D2A1 /* ViewController.swift in Sources */ = {isa = PBXBuildFile; fileRef = BA6780462B14F1F80087D2A1 /* ViewController.swift */; };
		BA67804A2B14F1F80087D2A1 /* Main.storyboard in Resources */ = {isa = PBXBuildFile; fileRef = BA6780482B14F1F80087D2A1 /* Main.storyboard */; };
		BA67804C2B14F1F80087D2A1 /* Assets.xcassets in Resources */ = {isa = PBXBuildFile; fileRef = BA67804B2B14F1F80087D2A1 /* Assets.xcassets */; };
		BA67804F2B14F1F80087D2A1 /* LaunchScreen.storyboard in Resources */ = {isa = PBXBuildFile; fileRef = BA67804D2B14F1F80087D2A1 /* LaunchScreen.storyboard */; };
		BA6780572B150C420087D2A1 /* GoogleService-Info.plist in Resources */ = {isa = PBXBuildFile; fileRef = BA6780562B150C420087D2A1 /* GoogleService-Info.plist */; };
		BA87963A2B16564900A69D5B /* FeedViewController.swift in Sources */ = {isa = PBXBuildFile; fileRef = BA8796392B16564900A69D5B /* FeedViewController.swift */; };
		BA87963C2B16566E00A69D5B /* UploadViewController.swift in Sources */ = {isa = PBXBuildFile; fileRef = BA87963B2B16566E00A69D5B /* UploadViewController.swift */; };
		BA87963E2B16568000A69D5B /* SettingsViewController.swift in Sources */ = {isa = PBXBuildFile; fileRef = BA87963D2B16568000A69D5B /* SettingsViewController.swift */; };
		BAF2CCEF2B2118FC007C3ECC /* FeedCell.swift in Sources */ = {isa = PBXBuildFile; fileRef = BAF2CCEE2B2118FC007C3ECC /* FeedCell.swift */; };
/* End PBXBuildFile section */

/* Begin PBXFileReference section */
		26764F0E599596DAF998D2C5 /* Pods-InstagramCloneWithUIKit.debug.xcconfig */ = {isa = PBXFileReference; includeInIndex = 1; lastKnownFileType = text.xcconfig; name = "Pods-InstagramCloneWithUIKit.debug.xcconfig"; path = "Target Support Files/Pods-InstagramCloneWithUIKit/Pods-InstagramCloneWithUIKit.debug.xcconfig"; sourceTree = "<group>"; };
		3CE4367BB274316B221387A3 /* Pods-InstagramCloneWithUIKit.release.xcconfig */ = {isa = PBXFileReference; includeInIndex = 1; lastKnownFileType = text.xcconfig; name = "Pods-InstagramCloneWithUIKit.release.xcconfig"; path = "Target Support Files/Pods-InstagramCloneWithUIKit/Pods-InstagramCloneWithUIKit.release.xcconfig"; sourceTree = "<group>"; };
		79B55AFFFF962B221CDD7528 /* Pods_InstagramCloneWithUIKit.framework */ = {isa = PBXFileReference; explicitFileType = wrapper.framework; includeInIndex = 0; path = Pods_InstagramCloneWithUIKit.framework; sourceTree = BUILT_PRODUCTS_DIR; };
		BA67803F2B14F1F80087D2A1 /* InstagramCloneWithUIKit.app */ = {isa = PBXFileReference; explicitFileType = wrapper.application; includeInIndex = 0; path = InstagramCloneWithUIKit.app; sourceTree = BUILT_PRODUCTS_DIR; };
		BA6780422B14F1F80087D2A1 /* AppDelegate.swift */ = {isa = PBXFileReference; lastKnownFileType = sourcecode.swift; path = AppDelegate.swift; sourceTree = "<group>"; };
		BA6780442B14F1F80087D2A1 /* SceneDelegate.swift */ = {isa = PBXFileReference; lastKnownFileType = sourcecode.swift; path = SceneDelegate.swift; sourceTree = "<group>"; };
		BA6780462B14F1F80087D2A1 /* ViewController.swift */ = {isa = PBXFileReference; lastKnownFileType = sourcecode.swift; path = ViewController.swift; sourceTree = "<group>"; };
		BA6780492B14F1F80087D2A1 /* Base */ = {isa = PBXFileReference; lastKnownFileType = file.storyboard; name = Base; path = Base.lproj/Main.storyboard; sourceTree = "<group>"; };
		BA67804B2B14F1F80087D2A1 /* Assets.xcassets */ = {isa = PBXFileReference; lastKnownFileType = folder.assetcatalog; path = Assets.xcassets; sourceTree = "<group>"; };
		BA67804E2B14F1F80087D2A1 /* Base */ = {isa = PBXFileReference; lastKnownFileType = file.storyboard; name = Base; path = Base.lproj/LaunchScreen.storyboard; sourceTree = "<group>"; };
		BA6780502B14F1F80087D2A1 /* Info.plist */ = {isa = PBXFileReference; lastKnownFileType = text.plist.xml; path = Info.plist; sourceTree = "<group>"; };
		BA6780562B150C420087D2A1 /* GoogleService-Info.plist */ = {isa = PBXFileReference; fileEncoding = 4; lastKnownFileType = text.plist.xml; path = "GoogleService-Info.plist"; sourceTree = "<group>"; };
		BA8796392B16564900A69D5B /* FeedViewController.swift */ = {isa = PBXFileReference; lastKnownFileType = sourcecode.swift; path = FeedViewController.swift; sourceTree = "<group>"; };
		BA87963B2B16566E00A69D5B /* UploadViewController.swift */ = {isa = PBXFileReference; lastKnownFileType = sourcecode.swift; path = UploadViewController.swift; sourceTree = "<group>"; };
		BA87963D2B16568000A69D5B /* SettingsViewController.swift */ = {isa = PBXFileReference; lastKnownFileType = sourcecode.swift; path = SettingsViewController.swift; sourceTree = "<group>"; };
		BAF2CCEE2B2118FC007C3ECC /* FeedCell.swift */ = {isa = PBXFileReference; lastKnownFileType = sourcecode.swift; path = FeedCell.swift; sourceTree = "<group>"; };
/* End PBXFileReference section */

/* Begin PBXFrameworksBuildPhase section */
		BA67803C2B14F1F80087D2A1 /* Frameworks */ = {
			isa = PBXFrameworksBuildPhase;
			buildActionMask = 2147483647;
			files = (
				5A5B3D1B2654E1E4DC0E3174 /* Pods_InstagramCloneWithUIKit.framework in Frameworks */,
			);
			runOnlyForDeploymentPostprocessing = 0;
		};
/* End PBXFrameworksBuildPhase section */

/* Begin PBXGroup section */
		9E9886EC33D9105B0AFF6635 /* Frameworks */ = {
			isa = PBXGroup;
			children = (
				79B55AFFFF962B221CDD7528 /* Pods_InstagramCloneWithUIKit.framework */,
			);
			name = Frameworks;
			sourceTree = "<group>";
		};
		A7BFCE6D510A9A32291795FF /* Pods */ = {
			isa = PBXGroup;
			children = (
				26764F0E599596DAF998D2C5 /* Pods-InstagramCloneWithUIKit.debug.xcconfig */,
				3CE4367BB274316B221387A3 /* Pods-InstagramCloneWithUIKit.release.xcconfig */,
			);
			path = Pods;
			sourceTree = "<group>";
		};
		BA6780362B14F1F80087D2A1 = {
			isa = PBXGroup;
			children = (
				BA6780412B14F1F80087D2A1 /* InstagramCloneWithUIKit */,
				BA6780402B14F1F80087D2A1 /* Products */,
				A7BFCE6D510A9A32291795FF /* Pods */,
				9E9886EC33D9105B0AFF6635 /* Frameworks */,
			);
			sourceTree = "<group>";
		};
		BA6780402B14F1F80087D2A1 /* Products */ = {
			isa = PBXGroup;
			children = (
				BA67803F2B14F1F80087D2A1 /* InstagramCloneWithUIKit.app */,
			);
			name = Products;
			sourceTree = "<group>";
		};
		BA6780412B14F1F80087D2A1 /* InstagramCloneWithUIKit */ = {
			isa = PBXGroup;
			children = (
				BA6780422B14F1F80087D2A1 /* AppDelegate.swift */,
				BAF2CCEE2B2118FC007C3ECC /* FeedCell.swift */,
				BA6780442B14F1F80087D2A1 /* SceneDelegate.swift */,
				BA6780462B14F1F80087D2A1 /* ViewController.swift */,
				BA8796392B16564900A69D5B /* FeedViewController.swift */,
				BA87963B2B16566E00A69D5B /* UploadViewController.swift */,
				BA87963D2B16568000A69D5B /* SettingsViewController.swift */,
				BA6780482B14F1F80087D2A1 /* Main.storyboard */,
				BA67804B2B14F1F80087D2A1 /* Assets.xcassets */,
				BA67804D2B14F1F80087D2A1 /* LaunchScreen.storyboard */,
				BA6780502B14F1F80087D2A1 /* Info.plist */,
				BA6780562B150C420087D2A1 /* GoogleService-Info.plist */,
			);
			path = InstagramCloneWithUIKit;
			sourceTree = "<group>";
		};
/* End PBXGroup section */

/* Begin PBXNativeTarget section */
		BA67803E2B14F1F80087D2A1 /* InstagramCloneWithUIKit */ = {
			isa = PBXNativeTarget;
			buildConfigurationList = BA6780532B14F1F80087D2A1 /* Build configuration list for PBXNativeTarget "InstagramCloneWithUIKit" */;
			buildPhases = (
				261A56612D0218CFB915E423 /* [CP] Check Pods Manifest.lock */,
				BA67803B2B14F1F80087D2A1 /* Sources */,
				BA67803C2B14F1F80087D2A1 /* Frameworks */,
				BA67803D2B14F1F80087D2A1 /* Resources */,
				77B3D587598ECDDF915FEE8E /* [CP] Embed Pods Frameworks */,
			);
			buildRules = (
			);
			dependencies = (
			);
			name = InstagramCloneWithUIKit;
			productName = InstagramCloneWithUIKit;
			productReference = BA67803F2B14F1F80087D2A1 /* InstagramCloneWithUIKit.app */;
			productType = "com.apple.product-type.application";
		};
/* End PBXNativeTarget section */

/* Begin PBXProject section */
		BA6780372B14F1F80087D2A1 /* Project object */ = {
			isa = PBXProject;
			attributes = {
				BuildIndependentTargetsInParallel = 1;
				LastSwiftUpdateCheck = 1500;
				LastUpgradeCheck = 1500;
				TargetAttributes = {
					BA67803E2B14F1F80087D2A1 = {
						CreatedOnToolsVersion = 15.0.1;
					};
				};
			};
			buildConfigurationList = BA67803A2B14F1F80087D2A1 /* Build configuration list for PBXProject "InstagramCloneWithUIKit" */;
			compatibilityVersion = "Xcode 14.0";
			developmentRegion = en;
			hasScannedForEncodings = 0;
			knownRegions = (
				en,
				Base,
			);
			mainGroup = BA6780362B14F1F80087D2A1;
			productRefGroup = BA6780402B14F1F80087D2A1 /* Products */;
			projectDirPath = "";
			projectRoot = "";
			targets = (
				BA67803E2B14F1F80087D2A1 /* InstagramCloneWithUIKit */,
			);
		};
/* End PBXProject section */

/* Begin PBXResourcesBuildPhase section */
		BA67803D2B14F1F80087D2A1 /* Resources */ = {
			isa = PBXResourcesBuildPhase;
			buildActionMask = 2147483647;
			files = (
				BA67804F2B14F1F80087D2A1 /* LaunchScreen.storyboard in Resources */,
				BA6780572B150C420087D2A1 /* GoogleService-Info.plist in Resources */,
				BA67804C2B14F1F80087D2A1 /* Assets.xcassets in Resources */,
				BA67804A2B14F1F80087D2A1 /* Main.storyboard in Resources */,
			);
			runOnlyForDeploymentPostprocessing = 0;
		};
/* End PBXResourcesBuildPhase section */

/* Begin PBXShellScriptBuildPhase section */
		261A56612D0218CFB915E423 /* [CP] Check Pods Manifest.lock */ = {
			isa = PBXShellScriptBuildPhase;
			buildActionMask = 2147483647;
			files = (
			);
			inputFileListPaths = (
			);
			inputPaths = (
				"${PODS_PODFILE_DIR_PATH}/Podfile.lock",
				"${PODS_ROOT}/Manifest.lock",
			);
			name = "[CP] Check Pods Manifest.lock";
			outputFileListPaths = (
			);
			outputPaths = (
				"$(DERIVED_FILE_DIR)/Pods-InstagramCloneWithUIKit-checkManifestLockResult.txt",
			);
			runOnlyForDeploymentPostprocessing = 0;
			shellPath = /bin/sh;
			shellScript = "diff \"${PODS_PODFILE_DIR_PATH}/Podfile.lock\" \"${PODS_ROOT}/Manifest.lock\" > /dev/null\nif [ $? != 0 ] ; then\n    # print error to STDERR\n    echo \"error: The sandbox is not in sync with the Podfile.lock. Run 'pod install' or update your CocoaPods installation.\" >&2\n    exit 1\nfi\n# This output is used by Xcode 'outputs' to avoid re-running this script phase.\necho \"SUCCESS\" > \"${SCRIPT_OUTPUT_FILE_0}\"\n";
			showEnvVarsInLog = 0;
		};
		77B3D587598ECDDF915FEE8E /* [CP] Embed Pods Frameworks */ = {
			isa = PBXShellScriptBuildPhase;
			buildActionMask = 2147483647;
			files = (
			);
			inputFileListPaths = (
				"${PODS_ROOT}/Target Support Files/Pods-InstagramCloneWithUIKit/Pods-InstagramCloneWithUIKit-frameworks-${CONFIGURATION}-input-files.xcfilelist",
			);
			name = "[CP] Embed Pods Frameworks";
			outputFileListPaths = (
				"${PODS_ROOT}/Target Support Files/Pods-InstagramCloneWithUIKit/Pods-InstagramCloneWithUIKit-frameworks-${CONFIGURATION}-output-files.xcfilelist",
			);
			runOnlyForDeploymentPostprocessing = 0;
			shellPath = /bin/sh;
			shellScript = "\"${PODS_ROOT}/Target Support Files/Pods-InstagramCloneWithUIKit/Pods-InstagramCloneWithUIKit-frameworks.sh\"\n";
			showEnvVarsInLog = 0;
		};
/* End PBXShellScriptBuildPhase section */

/* Begin PBXSourcesBuildPhase section */
		BA67803B2B14F1F80087D2A1 /* Sources */ = {
			isa = PBXSourcesBuildPhase;
			buildActionMask = 2147483647;
			files = (
				BAF2CCEF2B2118FC007C3ECC /* FeedCell.swift in Sources */,
				BA6780472B14F1F80087D2A1 /* ViewController.swift in Sources */,
				BA87963C2B16566E00A69D5B /* UploadViewController.swift in Sources */,
				BA6780432B14F1F80087D2A1 /* AppDelegate.swift in Sources */,
				BA87963A2B16564900A69D5B /* FeedViewController.swift in Sources */,
				BA6780452B14F1F80087D2A1 /* SceneDelegate.swift in Sources */,
				BA87963E2B16568000A69D5B /* SettingsViewController.swift in Sources */,
			);
			runOnlyForDeploymentPostprocessing = 0;
		};
/* End PBXSourcesBuildPhase section */

/* Begin PBXVariantGroup section */
		BA6780482B14F1F80087D2A1 /* Main.storyboard */ = {
			isa = PBXVariantGroup;
			children = (
				BA6780492B14F1F80087D2A1 /* Base */,
			);
			name = Main.storyboard;
			sourceTree = "<group>";
		};
		BA67804D2B14F1F80087D2A1 /* LaunchScreen.storyboard */ = {
			isa = PBXVariantGroup;
			children = (
				BA67804E2B14F1F80087D2A1 /* Base */,
			);
			name = LaunchScreen.storyboard;
			sourceTree = "<group>";
		};
/* End PBXVariantGroup section */

/* Begin XCBuildConfiguration section */
		BA6780512B14F1F80087D2A1 /* Debug */ = {
			isa = XCBuildConfiguration;
			buildSettings = {
				ALWAYS_SEARCH_USER_PATHS = NO;
				ASSETCATALOG_COMPILER_GENERATE_SWIFT_ASSET_SYMBOL_EXTENSIONS = YES;
				CLANG_ANALYZER_NONNULL = YES;
				CLANG_ANALYZER_NUMBER_OBJECT_CONVERSION = YES_AGGRESSIVE;
				CLANG_CXX_LANGUAGE_STANDARD = "gnu++20";
				CLANG_ENABLE_MODULES = YES;
				CLANG_ENABLE_OBJC_ARC = YES;
				CLANG_ENABLE_OBJC_WEAK = YES;
				CLANG_WARN_BLOCK_CAPTURE_AUTORELEASING = YES;
				CLANG_WARN_BOOL_CONVERSION = YES;
				CLANG_WARN_COMMA = YES;
				CLANG_WARN_CONSTANT_CONVERSION = YES;
				CLANG_WARN_DEPRECATED_OBJC_IMPLEMENTATIONS = YES;
				CLANG_WARN_DIRECT_OBJC_ISA_USAGE = YES_ERROR;
				CLANG_WARN_DOCUMENTATION_COMMENTS = YES;
				CLANG_WARN_EMPTY_BODY = YES;
				CLANG_WARN_ENUM_CONVERSION = YES;
				CLANG_WARN_INFINITE_RECURSION = YES;
				CLANG_WARN_INT_CONVERSION = YES;
				CLANG_WARN_NON_LITERAL_NULL_CONVERSION = YES;
				CLANG_WARN_OBJC_IMPLICIT_RETAIN_SELF = YES;
				CLANG_WARN_OBJC_LITERAL_CONVERSION = YES;
				CLANG_WARN_OBJC_ROOT_CLASS = YES_ERROR;
				CLANG_WARN_QUOTED_INCLUDE_IN_FRAMEWORK_HEADER = YES;
				CLANG_WARN_RANGE_LOOP_ANALYSIS = YES;
				CLANG_WARN_STRICT_PROTOTYPES = YES;
				CLANG_WARN_SUSPICIOUS_MOVE = YES;
				CLANG_WARN_UNGUARDED_AVAILABILITY = YES_AGGRESSIVE;
				CLANG_WARN_UNREACHABLE_CODE = YES;
				CLANG_WARN__DUPLICATE_METHOD_MATCH = YES;
				COPY_PHASE_STRIP = NO;
				DEBUG_INFORMATION_FORMAT = dwarf;
				ENABLE_STRICT_OBJC_MSGSEND = YES;
				ENABLE_TESTABILITY = YES;
				ENABLE_USER_SCRIPT_SANDBOXING = YES;
				GCC_C_LANGUAGE_STANDARD = gnu17;
				GCC_DYNAMIC_NO_PIC = NO;
				GCC_NO_COMMON_BLOCKS = YES;
				GCC_OPTIMIZATION_LEVEL = 0;
				GCC_PREPROCESSOR_DEFINITIONS = (
					"DEBUG=1",
					"$(inherited)",
				);
				GCC_WARN_64_TO_32_BIT_CONVERSION = YES;
				GCC_WARN_ABOUT_RETURN_TYPE = YES_ERROR;
				GCC_WARN_UNDECLARED_SELECTOR = YES;
				GCC_WARN_UNINITIALIZED_AUTOS = YES_AGGRESSIVE;
				GCC_WARN_UNUSED_FUNCTION = YES;
				GCC_WARN_UNUSED_VARIABLE = YES;
				IPHONEOS_DEPLOYMENT_TARGET = 17.0;
				LOCALIZATION_PREFERS_STRING_CATALOGS = YES;
				MTL_ENABLE_DEBUG_INFO = INCLUDE_SOURCE;
				MTL_FAST_MATH = YES;
				ONLY_ACTIVE_ARCH = YES;
				SDKROOT = iphoneos;
				SWIFT_ACTIVE_COMPILATION_CONDITIONS = "DEBUG $(inherited)";
				SWIFT_OPTIMIZATION_LEVEL = "-Onone";
			};
			name = Debug;
		};
		BA6780522B14F1F80087D2A1 /* Release */ = {
			isa = XCBuildConfiguration;
			buildSettings = {
				ALWAYS_SEARCH_USER_PATHS = NO;
				ASSETCATALOG_COMPILER_GENERATE_SWIFT_ASSET_SYMBOL_EXTENSIONS = YES;
				CLANG_ANALYZER_NONNULL = YES;
				CLANG_ANALYZER_NUMBER_OBJECT_CONVERSION = YES_AGGRESSIVE;
				CLANG_CXX_LANGUAGE_STANDARD = "gnu++20";
				CLANG_ENABLE_MODULES = YES;
				CLANG_ENABLE_OBJC_ARC = YES;
				CLANG_ENABLE_OBJC_WEAK = YES;
				CLANG_WARN_BLOCK_CAPTURE_AUTORELEASING = YES;
				CLANG_WARN_BOOL_CONVERSION = YES;
				CLANG_WARN_COMMA = YES;
				CLANG_WARN_CONSTANT_CONVERSION = YES;
				CLANG_WARN_DEPRECATED_OBJC_IMPLEMENTATIONS = YES;
				CLANG_WARN_DIRECT_OBJC_ISA_USAGE = YES_ERROR;
				CLANG_WARN_DOCUMENTATION_COMMENTS = YES;
				CLANG_WARN_EMPTY_BODY = YES;
				CLANG_WARN_ENUM_CONVERSION = YES;
				CLANG_WARN_INFINITE_RECURSION = YES;
				CLANG_WARN_INT_CONVERSION = YES;
				CLANG_WARN_NON_LITERAL_NULL_CONVERSION = YES;
				CLANG_WARN_OBJC_IMPLICIT_RETAIN_SELF = YES;
				CLANG_WARN_OBJC_LITERAL_CONVERSION = YES;
				CLANG_WARN_OBJC_ROOT_CLASS = YES_ERROR;
				CLANG_WARN_QUOTED_INCLUDE_IN_FRAMEWORK_HEADER = YES;
				CLANG_WARN_RANGE_LOOP_ANALYSIS = YES;
				CLANG_WARN_STRICT_PROTOTYPES = YES;
				CLANG_WARN_SUSPICIOUS_MOVE = YES;
				CLANG_WARN_UNGUARDED_AVAILABILITY = YES_AGGRESSIVE;
				CLANG_WARN_UNREACHABLE_CODE = YES;
				CLANG_WARN__DUPLICATE_METHOD_MATCH = YES;
				COPY_PHASE_STRIP = NO;
				DEBUG_INFORMATION_FORMAT = "dwarf-with-dsym";
				ENABLE_NS_ASSERTIONS = NO;
				ENABLE_STRICT_OBJC_MSGSEND = YES;
				ENABLE_USER_SCRIPT_SANDBOXING = YES;
				GCC_C_LANGUAGE_STANDARD = gnu17;
				GCC_NO_COMMON_BLOCKS = YES;
				GCC_WARN_64_TO_32_BIT_CONVERSION = YES;
				GCC_WARN_ABOUT_RETURN_TYPE = YES_ERROR;
				GCC_WARN_UNDECLARED_SELECTOR = YES;
				GCC_WARN_UNINITIALIZED_AUTOS = YES_AGGRESSIVE;
				GCC_WARN_UNUSED_FUNCTION = YES;
				GCC_WARN_UNUSED_VARIABLE = YES;
				IPHONEOS_DEPLOYMENT_TARGET = 17.0;
				LOCALIZATION_PREFERS_STRING_CATALOGS = YES;
				MTL_ENABLE_DEBUG_INFO = NO;
				MTL_FAST_MATH = YES;
				SDKROOT = iphoneos;
				SWIFT_COMPILATION_MODE = wholemodule;
				VALIDATE_PRODUCT = YES;
			};
			name = Release;
		};
		BA6780542B14F1F80087D2A1 /* Debug */ = {
			isa = XCBuildConfiguration;
			baseConfigurationReference = 26764F0E599596DAF998D2C5 /* Pods-InstagramCloneWithUIKit.debug.xcconfig */;
			buildSettings = {
				ASSETCATALOG_COMPILER_APPICON_NAME = AppIcon;
				ASSETCATALOG_COMPILER_GLOBAL_ACCENT_COLOR_NAME = AccentColor;
				CODE_SIGN_STYLE = Automatic;
				CURRENT_PROJECT_VERSION = 1;
				DEVELOPMENT_TEAM = DXX6YD68XN;
				ENABLE_USER_SCRIPT_SANDBOXING = NO;
				GENERATE_INFOPLIST_FILE = YES;
				INFOPLIST_FILE = InstagramCloneWithUIKit/Info.plist;
				INFOPLIST_KEY_UIApplicationSupportsIndirectInputEvents = YES;
				INFOPLIST_KEY_UILaunchStoryboardName = LaunchScreen;
				INFOPLIST_KEY_UIMainStoryboardFile = Main;
				INFOPLIST_KEY_UISupportedInterfaceOrientations_iPad = "UIInterfaceOrientationPortrait UIInterfaceOrientationPortraitUpsideDown UIInterfaceOrientationLandscapeLeft UIInterfaceOrientationLandscapeRight";
				INFOPLIST_KEY_UISupportedInterfaceOrientations_iPhone = "UIInterfaceOrientationPortrait UIInterfaceOrientationLandscapeLeft UIInterfaceOrientationLandscapeRight";
				LD_RUNPATH_SEARCH_PATHS = (
					"$(inherited)",
					"@executable_path/Frameworks",
				);
				MARKETING_VERSION = 1.0;
				PRODUCT_BUNDLE_IDENTIFIER = com.syildizn.InstagramCloneWithUIKit;
				PRODUCT_NAME = "$(TARGET_NAME)";
				SWIFT_EMIT_LOC_STRINGS = YES;
				SWIFT_VERSION = 5.0;
				TARGETED_DEVICE_FAMILY = "1,2";
			};
			name = Debug;
		};
		BA6780552B14F1F80087D2A1 /* Release */ = {
			isa = XCBuildConfiguration;
			baseConfigurationReference = 3CE4367BB274316B221387A3 /* Pods-InstagramCloneWithUIKit.release.xcconfig */;
			buildSettings = {
				ASSETCATALOG_COMPILER_APPICON_NAME = AppIcon;
				ASSETCATALOG_COMPILER_GLOBAL_ACCENT_COLOR_NAME = AccentColor;
				CODE_SIGN_STYLE = Automatic;
				CURRENT_PROJECT_VERSION = 1;
				DEVELOPMENT_TEAM = DXX6YD68XN;
				ENABLE_USER_SCRIPT_SANDBOXING = NO;
				GENERATE_INFOPLIST_FILE = YES;
				INFOPLIST_FILE = InstagramCloneWithUIKit/Info.plist;
				INFOPLIST_KEY_UIApplicationSupportsIndirectInputEvents = YES;
				INFOPLIST_KEY_UILaunchStoryboardName = LaunchScreen;
				INFOPLIST_KEY_UIMainStoryboardFile = Main;
				INFOPLIST_KEY_UISupportedInterfaceOrientations_iPad = "UIInterfaceOrientationPortrait UIInterfaceOrientationPortraitUpsideDown UIInterfaceOrientationLandscapeLeft UIInterfaceOrientationLandscapeRight";
				INFOPLIST_KEY_UISupportedInterfaceOrientations_iPhone = "UIInterfaceOrientationPortrait UIInterfaceOrientationLandscapeLeft UIInterfaceOrientationLandscapeRight";
				LD_RUNPATH_SEARCH_PATHS = (
					"$(inherited)",
					"@executable_path/Frameworks",
				);
				MARKETING_VERSION = 1.0;
				PRODUCT_BUNDLE_IDENTIFIER = com.syildizn.InstagramCloneWithUIKit;
				PRODUCT_NAME = "$(TARGET_NAME)";
				SWIFT_EMIT_LOC_STRINGS = YES;
				SWIFT_VERSION = 5.0;
				TARGETED_DEVICE_FAMILY = "1,2";
			};
			name = Release;
		};
/* End XCBuildConfiguration section */

/* Begin XCConfigurationList section */
		BA67803A2B14F1F80087D2A1 /* Build configuration list for PBXProject "InstagramCloneWithUIKit" */ = {
			isa = XCConfigurationList;
			buildConfigurations = (
				BA6780512B14F1F80087D2A1 /* Debug */,
				BA6780522B14F1F80087D2A1 /* Release */,
			);
			defaultConfigurationIsVisible = 0;
			defaultConfigurationName = Release;
		};
		BA6780532B14F1F80087D2A1 /* Build configuration list for PBXNativeTarget "InstagramCloneWithUIKit" */ = {
			isa = XCConfigurationList;
			buildConfigurations = (
				BA6780542B14F1F80087D2A1 /* Debug */,
				BA6780552B14F1F80087D2A1 /* Release */,
			);
			defaultConfigurationIsVisible = 0;
			defaultConfigurationName = Release;
		};
/* End XCConfigurationList section */
	};
	rootObject = BA6780372B14F1F80087D2A1 /* Project object */;
}
